
Microsoft Visual Studio Solution File, Format Version 12.00
# Visual Studio Version 16
VisualStudioVersion = 16.0.30114.105
MinimumVisualStudioVersion = 10.0.40219.1
Project("{FAE04EC0-301F-11D3-BF4B-00C04F79EFBC}") = "AspNetMongoIDTest", "AspNetMongoIDTest\AspNetMongoIDTest.csproj", "{A5DEAFFC-39B7-416C-B3BD-272106054C9C}"
EndProject
Global
	GlobalSection(SolutionConfigurationPlatforms) = preSolution
		Debug|Any CPU = Debug|Any CPU
		Release|Any CPU = Release|Any CPU
	EndGlobalSection
	GlobalSection(ProjectConfigurationPlatforms) = postSolution
		{A5DEAFFC-39B7-416C-B3BD-272106054C9C}.Debug|Any CPU.ActiveCfg = Debug|Any CPU
		{A5DEAFFC-39B7-416C-B3BD-272106054C9C}.Debug|Any CPU.Build.0 = Debug|Any CPU
		{A5DEAFFC-39B7-416C-B3BD-272106054C9C}.Release|Any CPU.ActiveCfg = Release|Any CPU
		{A5DEAFFC-39B7-416C-B3BD-272106054C9C}.Release|Any CPU.Build.0 = Release|Any CPU
	EndGlobalSection
	GlobalSection(SolutionProperties) = preSolution
		HideSolutionNode = FALSE
	EndGlobalSection
	GlobalSection(ExtensibilityGlobals) = postSolution
		SolutionGuid = {EB9161EC-7CA1-404F-9BB0-041E5C4A8A59}
	EndGlobalSection
EndGlobal
